{
  "lockfileVersion": 1,
  "workspaces": {
    "": {
      "name": "dingo",
      "dependencies": {
        "@ffmpeg-installer/ffmpeg": "^1.1.0",
        "@inquirer/prompts": "^7.8.6",
        "commander": "^14.0.1",
        "fluent-ffmpeg": "^2.1.3",
        "nanoid": "^5.1.6",
        "picocolors": "^1.1.1",
        "sharp": "^0.34.4",
        "yocto-spinner": "^1.0.0",
        "zod": "^4.1.11",
      },
      "devDependencies": {
        "@types/bun": "latest",
        "@types/fluent-ffmpeg": "^2.1.27",
      },
      "peerDependencies": {
        "typescript": "^5",
      },
    },
  },
  "packages": {
    "@emnapi/runtime": ["@emnapi/runtime@1.5.0", "", { "dependencies": { "tslib": "^2.4.0" } }, "sha512-97/BJ3iXHww3djw6hYIfErCZFee7qCtrneuLa20UXFCOTCfBM2cvQHjWJ2EG0s0MtdNwInarqCTz35i4wWXHsQ=="],

    "@ffmpeg-installer/darwin-arm64": ["@ffmpeg-installer/darwin-arm64@4.1.5", "", { "os": "darwin", "cpu": "arm64" }, "sha512-hYqTiP63mXz7wSQfuqfFwfLOfwwFChUedeCVKkBtl/cliaTM7/ePI9bVzfZ2c+dWu3TqCwLDRWNSJ5pqZl8otA=="],

    "@ffmpeg-installer/darwin-x64": ["@ffmpeg-installer/darwin-x64@4.1.0", "", { "os": "darwin", "cpu": "x64" }, "sha512-Z4EyG3cIFjdhlY8wI9aLUXuH8nVt7E9SlMVZtWvSPnm2sm37/yC2CwjUzyCQbJbySnef1tQwGG2Sx+uWhd9IAw=="],

    "@ffmpeg-installer/ffmpeg": ["@ffmpeg-installer/ffmpeg@1.1.0", "", { "optionalDependencies": { "@ffmpeg-installer/darwin-arm64": "4.1.5", "@ffmpeg-installer/darwin-x64": "4.1.0", "@ffmpeg-installer/linux-arm": "4.1.3", "@ffmpeg-installer/linux-arm64": "4.1.4", "@ffmpeg-installer/linux-ia32": "4.1.0", "@ffmpeg-installer/linux-x64": "4.1.0", "@ffmpeg-installer/win32-ia32": "4.1.0", "@ffmpeg-installer/win32-x64": "4.1.0" } }, "sha512-Uq4rmwkdGxIa9A6Bd/VqqYbT7zqh1GrT5/rFwCwKM70b42W5gIjWeVETq6SdcL0zXqDtY081Ws/iJWhr1+xvQg=="],

    "@ffmpeg-installer/linux-arm": ["@ffmpeg-installer/linux-arm@4.1.3", "", { "os": "linux", "cpu": "arm" }, "sha512-NDf5V6l8AfzZ8WzUGZ5mV8O/xMzRag2ETR6+TlGIsMHp81agx51cqpPItXPib/nAZYmo55Bl2L6/WOMI3A5YRg=="],

    "@ffmpeg-installer/linux-arm64": ["@ffmpeg-installer/linux-arm64@4.1.4", "", { "os": "linux", "cpu": "arm64" }, "sha512-dljEqAOD0oIM6O6DxBW9US/FkvqvQwgJ2lGHOwHDDwu/pX8+V0YsDL1xqHbj1DMX/+nP9rxw7G7gcUvGspSoKg=="],

    "@ffmpeg-installer/linux-ia32": ["@ffmpeg-installer/linux-ia32@4.1.0", "", { "os": "linux", "cpu": "ia32" }, "sha512-0LWyFQnPf+Ij9GQGD034hS6A90URNu9HCtQ5cTqo5MxOEc7Rd8gLXrJvn++UmxhU0J5RyRE9KRYstdCVUjkNOQ=="],

    "@ffmpeg-installer/linux-x64": ["@ffmpeg-installer/linux-x64@4.1.0", "", { "os": "linux", "cpu": "x64" }, "sha512-Y5BWhGLU/WpQjOArNIgXD3z5mxxdV8c41C+U15nsE5yF8tVcdCGet5zPs5Zy3Ta6bU7haGpIzryutqCGQA/W8A=="],

    "@ffmpeg-installer/win32-ia32": ["@ffmpeg-installer/win32-ia32@4.1.0", "", { "os": "win32", "cpu": "ia32" }, "sha512-FV2D7RlaZv/lrtdhaQ4oETwoFUsUjlUiasiZLDxhEUPdNDWcH1OU9K1xTvqz+OXLdsmYelUDuBS/zkMOTtlUAw=="],

    "@ffmpeg-installer/win32-x64": ["@ffmpeg-installer/win32-x64@4.1.0", "", { "os": "win32", "cpu": "x64" }, "sha512-Drt5u2vzDnIONf4ZEkKtFlbvwj6rI3kxw1Ck9fpudmtgaZIHD4ucsWB2lCZBXRxJgXR+2IMSti+4rtM4C4rXgg=="],

    "@img/colour": ["@img/colour@1.0.0", "", {}, "sha512-A5P/LfWGFSl6nsckYtjw9da+19jB8hkJ6ACTGcDfEJ0aE+l2n2El7dsVM7UVHZQ9s2lmYMWlrS21YLy2IR1LUw=="],

    "@img/sharp-darwin-arm64": ["@img/sharp-darwin-arm64@0.34.4", "", { "optionalDependencies": { "@img/sharp-libvips-darwin-arm64": "1.2.3" }, "os": "darwin", "cpu": "arm64" }, "sha512-sitdlPzDVyvmINUdJle3TNHl+AG9QcwiAMsXmccqsCOMZNIdW2/7S26w0LyU8euiLVzFBL3dXPwVCq/ODnf2vA=="],

    "@img/sharp-darwin-x64": ["@img/sharp-darwin-x64@0.34.4", "", { "optionalDependencies": { "@img/sharp-libvips-darwin-x64": "1.2.3" }, "os": "darwin", "cpu": "x64" }, "sha512-rZheupWIoa3+SOdF/IcUe1ah4ZDpKBGWcsPX6MT0lYniH9micvIU7HQkYTfrx5Xi8u+YqwLtxC/3vl8TQN6rMg=="],

    "@img/sharp-libvips-darwin-arm64": ["@img/sharp-libvips-darwin-arm64@1.2.3", "", { "os": "darwin", "cpu": "arm64" }, "sha512-QzWAKo7kpHxbuHqUC28DZ9pIKpSi2ts2OJnoIGI26+HMgq92ZZ4vk8iJd4XsxN+tYfNJxzH6W62X5eTcsBymHw=="],

    "@img/sharp-libvips-darwin-x64": ["@img/sharp-libvips-darwin-x64@1.2.3", "", { "os": "darwin", "cpu": "x64" }, "sha512-Ju+g2xn1E2AKO6YBhxjj+ACcsPQRHT0bhpglxcEf+3uyPY+/gL8veniKoo96335ZaPo03bdDXMv0t+BBFAbmRA=="],

    "@img/sharp-libvips-linux-arm": ["@img/sharp-libvips-linux-arm@1.2.3", "", { "os": "linux", "cpu": "arm" }, "sha512-x1uE93lyP6wEwGvgAIV0gP6zmaL/a0tGzJs/BIDDG0zeBhMnuUPm7ptxGhUbcGs4okDJrk4nxgrmxpib9g6HpA=="],

    "@img/sharp-libvips-linux-arm64": ["@img/sharp-libvips-linux-arm64@1.2.3", "", { "os": "linux", "cpu": "arm64" }, "sha512-I4RxkXU90cpufazhGPyVujYwfIm9Nk1QDEmiIsaPwdnm013F7RIceaCc87kAH+oUB1ezqEvC6ga4m7MSlqsJvQ=="],

    "@img/sharp-libvips-linux-ppc64": ["@img/sharp-libvips-linux-ppc64@1.2.3", "", { "os": "linux", "cpu": "ppc64" }, "sha512-Y2T7IsQvJLMCBM+pmPbM3bKT/yYJvVtLJGfCs4Sp95SjvnFIjynbjzsa7dY1fRJX45FTSfDksbTp6AGWudiyCg=="],

    "@img/sharp-libvips-linux-s390x": ["@img/sharp-libvips-linux-s390x@1.2.3", "", { "os": "linux", "cpu": "s390x" }, "sha512-RgWrs/gVU7f+K7P+KeHFaBAJlNkD1nIZuVXdQv6S+fNA6syCcoboNjsV2Pou7zNlVdNQoQUpQTk8SWDHUA3y/w=="],

    "@img/sharp-libvips-linux-x64": ["@img/sharp-libvips-linux-x64@1.2.3", "", { "os": "linux", "cpu": "x64" }, "sha512-3JU7LmR85K6bBiRzSUc/Ff9JBVIFVvq6bomKE0e63UXGeRw2HPVEjoJke1Yx+iU4rL7/7kUjES4dZ/81Qjhyxg=="],

    "@img/sharp-libvips-linuxmusl-arm64": ["@img/sharp-libvips-linuxmusl-arm64@1.2.3", "", { "os": "linux", "cpu": "arm64" }, "sha512-F9q83RZ8yaCwENw1GieztSfj5msz7GGykG/BA+MOUefvER69K/ubgFHNeSyUu64amHIYKGDs4sRCMzXVj8sEyw=="],

    "@img/sharp-libvips-linuxmusl-x64": ["@img/sharp-libvips-linuxmusl-x64@1.2.3", "", { "os": "linux", "cpu": "x64" }, "sha512-U5PUY5jbc45ANM6tSJpsgqmBF/VsL6LnxJmIf11kB7J5DctHgqm0SkuXzVWtIY90GnJxKnC/JT251TDnk1fu/g=="],

    "@img/sharp-linux-arm": ["@img/sharp-linux-arm@0.34.4", "", { "optionalDependencies": { "@img/sharp-libvips-linux-arm": "1.2.3" }, "os": "linux", "cpu": "arm" }, "sha512-Xyam4mlqM0KkTHYVSuc6wXRmM7LGN0P12li03jAnZ3EJWZqj83+hi8Y9UxZUbxsgsK1qOEwg7O0Bc0LjqQVtxA=="],

    "@img/sharp-linux-arm64": ["@img/sharp-linux-arm64@0.34.4", "", { "optionalDependencies": { "@img/sharp-libvips-linux-arm64": "1.2.3" }, "os": "linux", "cpu": "arm64" }, "sha512-YXU1F/mN/Wu786tl72CyJjP/Ngl8mGHN1hST4BGl+hiW5jhCnV2uRVTNOcaYPs73NeT/H8Upm3y9582JVuZHrQ=="],

    "@img/sharp-linux-ppc64": ["@img/sharp-linux-ppc64@0.34.4", "", { "optionalDependencies": { "@img/sharp-libvips-linux-ppc64": "1.2.3" }, "os": "linux", "cpu": "ppc64" }, "sha512-F4PDtF4Cy8L8hXA2p3TO6s4aDt93v+LKmpcYFLAVdkkD3hSxZzee0rh6/+94FpAynsuMpLX5h+LRsSG3rIciUQ=="],

    "@img/sharp-linux-s390x": ["@img/sharp-linux-s390x@0.34.4", "", { "optionalDependencies": { "@img/sharp-libvips-linux-s390x": "1.2.3" }, "os": "linux", "cpu": "s390x" }, "sha512-qVrZKE9Bsnzy+myf7lFKvng6bQzhNUAYcVORq2P7bDlvmF6u2sCmK2KyEQEBdYk+u3T01pVsPrkj943T1aJAsw=="],

    "@img/sharp-linux-x64": ["@img/sharp-linux-x64@0.34.4", "", { "optionalDependencies": { "@img/sharp-libvips-linux-x64": "1.2.3" }, "os": "linux", "cpu": "x64" }, "sha512-ZfGtcp2xS51iG79c6Vhw9CWqQC8l2Ot8dygxoDoIQPTat/Ov3qAa8qpxSrtAEAJW+UjTXc4yxCjNfxm4h6Xm2A=="],

    "@img/sharp-linuxmusl-arm64": ["@img/sharp-linuxmusl-arm64@0.34.4", "", { "optionalDependencies": { "@img/sharp-libvips-linuxmusl-arm64": "1.2.3" }, "os": "linux", "cpu": "arm64" }, "sha512-8hDVvW9eu4yHWnjaOOR8kHVrew1iIX+MUgwxSuH2XyYeNRtLUe4VNioSqbNkB7ZYQJj9rUTT4PyRscyk2PXFKA=="],

    "@img/sharp-linuxmusl-x64": ["@img/sharp-linuxmusl-x64@0.34.4", "", { "optionalDependencies": { "@img/sharp-libvips-linuxmusl-x64": "1.2.3" }, "os": "linux", "cpu": "x64" }, "sha512-lU0aA5L8QTlfKjpDCEFOZsTYGn3AEiO6db8W5aQDxj0nQkVrZWmN3ZP9sYKWJdtq3PWPhUNlqehWyXpYDcI9Sg=="],

    "@img/sharp-wasm32": ["@img/sharp-wasm32@0.34.4", "", { "dependencies": { "@emnapi/runtime": "^1.5.0" }, "cpu": "none" }, "sha512-33QL6ZO/qpRyG7woB/HUALz28WnTMI2W1jgX3Nu2bypqLIKx/QKMILLJzJjI+SIbvXdG9fUnmrxR7vbi1sTBeA=="],

    "@img/sharp-win32-arm64": ["@img/sharp-win32-arm64@0.34.4", "", { "os": "win32", "cpu": "arm64" }, "sha512-2Q250do/5WXTwxW3zjsEuMSv5sUU4Tq9VThWKlU2EYLm4MB7ZeMwF+SFJutldYODXF6jzc6YEOC+VfX0SZQPqA=="],

    "@img/sharp-win32-ia32": ["@img/sharp-win32-ia32@0.34.4", "", { "os": "win32", "cpu": "ia32" }, "sha512-3ZeLue5V82dT92CNL6rsal6I2weKw1cYu+rGKm8fOCCtJTR2gYeUfY3FqUnIJsMUPIH68oS5jmZ0NiJ508YpEw=="],

    "@img/sharp-win32-x64": ["@img/sharp-win32-x64@0.34.4", "", { "os": "win32", "cpu": "x64" }, "sha512-xIyj4wpYs8J18sVN3mSQjwrw7fKUqRw+Z5rnHNCy5fYTxigBz81u5mOMPmFumwjcn8+ld1ppptMBCLic1nz6ig=="],

    "@inquirer/ansi": ["@inquirer/ansi@1.0.0", "", {}, "sha512-JWaTfCxI1eTmJ1BIv86vUfjVatOdxwD0DAVKYevY8SazeUUZtW+tNbsdejVO1GYE0GXJW1N1ahmiC3TFd+7wZA=="],

    "@inquirer/checkbox": ["@inquirer/checkbox@4.2.4", "", { "dependencies": { "@inquirer/ansi": "^1.0.0", "@inquirer/core": "^10.2.2", "@inquirer/figures": "^1.0.13", "@inquirer/type": "^3.0.8", "yoctocolors-cjs": "^2.1.2" }, "peerDependencies": { "@types/node": ">=18" }, "optionalPeers": ["@types/node"] }, "sha512-2n9Vgf4HSciFq8ttKXk+qy+GsyTXPV1An6QAwe/8bkbbqvG4VW1I/ZY1pNu2rf+h9bdzMLPbRSfcNxkHBy/Ydw=="],

    "@inquirer/confirm": ["@inquirer/confirm@5.1.18", "", { "dependencies": { "@inquirer/core": "^10.2.2", "@inquirer/type": "^3.0.8" }, "peerDependencies": { "@types/node": ">=18" }, "optionalPeers": ["@types/node"] }, "sha512-MilmWOzHa3Ks11tzvuAmFoAd/wRuaP3SwlT1IZhyMke31FKLxPiuDWcGXhU+PKveNOpAc4axzAgrgxuIJJRmLw=="],

    "@inquirer/core": ["@inquirer/core@10.2.2", "", { "dependencies": { "@inquirer/ansi": "^1.0.0", "@inquirer/figures": "^1.0.13", "@inquirer/type": "^3.0.8", "cli-width": "^4.1.0", "mute-stream": "^2.0.0", "signal-exit": "^4.1.0", "wrap-ansi": "^6.2.0", "yoctocolors-cjs": "^2.1.2" }, "peerDependencies": { "@types/node": ">=18" }, "optionalPeers": ["@types/node"] }, "sha512-yXq/4QUnk4sHMtmbd7irwiepjB8jXU0kkFRL4nr/aDBA2mDz13cMakEWdDwX3eSCTkk03kwcndD1zfRAIlELxA=="],

    "@inquirer/editor": ["@inquirer/editor@4.2.20", "", { "dependencies": { "@inquirer/core": "^10.2.2", "@inquirer/external-editor": "^1.0.2", "@inquirer/type": "^3.0.8" }, "peerDependencies": { "@types/node": ">=18" }, "optionalPeers": ["@types/node"] }, "sha512-7omh5y5bK672Q+Brk4HBbnHNowOZwrb/78IFXdrEB9PfdxL3GudQyDk8O9vQ188wj3xrEebS2M9n18BjJoI83g=="],

    "@inquirer/expand": ["@inquirer/expand@4.0.20", "", { "dependencies": { "@inquirer/core": "^10.2.2", "@inquirer/type": "^3.0.8", "yoctocolors-cjs": "^2.1.2" }, "peerDependencies": { "@types/node": ">=18" }, "optionalPeers": ["@types/node"] }, "sha512-Dt9S+6qUg94fEvgn54F2Syf0Z3U8xmnBI9ATq2f5h9xt09fs2IJXSCIXyyVHwvggKWFXEY/7jATRo2K6Dkn6Ow=="],

    "@inquirer/external-editor": ["@inquirer/external-editor@1.0.2", "", { "dependencies": { "chardet": "^2.1.0", "iconv-lite": "^0.7.0" }, "peerDependencies": { "@types/node": ">=18" }, "optionalPeers": ["@types/node"] }, "sha512-yy9cOoBnx58TlsPrIxauKIFQTiyH+0MK4e97y4sV9ERbI+zDxw7i2hxHLCIEGIE/8PPvDxGhgzIOTSOWcs6/MQ=="],

    "@inquirer/figures": ["@inquirer/figures@1.0.13", "", {}, "sha512-lGPVU3yO9ZNqA7vTYz26jny41lE7yoQansmqdMLBEfqaGsmdg7V3W9mK9Pvb5IL4EVZ9GnSDGMO/cJXud5dMaw=="],

    "@inquirer/input": ["@inquirer/input@4.2.4", "", { "dependencies": { "@inquirer/core": "^10.2.2", "@inquirer/type": "^3.0.8" }, "peerDependencies": { "@types/node": ">=18" }, "optionalPeers": ["@types/node"] }, "sha512-cwSGpLBMwpwcZZsc6s1gThm0J+it/KIJ+1qFL2euLmSKUMGumJ5TcbMgxEjMjNHRGadouIYbiIgruKoDZk7klw=="],

    "@inquirer/number": ["@inquirer/number@3.0.20", "", { "dependencies": { "@inquirer/core": "^10.2.2", "@inquirer/type": "^3.0.8" }, "peerDependencies": { "@types/node": ">=18" }, "optionalPeers": ["@types/node"] }, "sha512-bbooay64VD1Z6uMfNehED2A2YOPHSJnQLs9/4WNiV/EK+vXczf/R988itL2XLDGTgmhMF2KkiWZo+iEZmc4jqg=="],

    "@inquirer/password": ["@inquirer/password@4.0.20", "", { "dependencies": { "@inquirer/ansi": "^1.0.0", "@inquirer/core": "^10.2.2", "@inquirer/type": "^3.0.8" }, "peerDependencies": { "@types/node": ">=18" }, "optionalPeers": ["@types/node"] }, "sha512-nxSaPV2cPvvoOmRygQR+h0B+Av73B01cqYLcr7NXcGXhbmsYfUb8fDdw2Us1bI2YsX+VvY7I7upgFYsyf8+Nug=="],

    "@inquirer/prompts": ["@inquirer/prompts@7.8.6", "", { "dependencies": { "@inquirer/checkbox": "^4.2.4", "@inquirer/confirm": "^5.1.18", "@inquirer/editor": "^4.2.20", "@inquirer/expand": "^4.0.20", "@inquirer/input": "^4.2.4", "@inquirer/number": "^3.0.20", "@inquirer/password": "^4.0.20", "@inquirer/rawlist": "^4.1.8", "@inquirer/search": "^3.1.3", "@inquirer/select": "^4.3.4" }, "peerDependencies": { "@types/node": ">=18" }, "optionalPeers": ["@types/node"] }, "sha512-68JhkiojicX9SBUD8FE/pSKbOKtwoyaVj1kwqLfvjlVXZvOy3iaSWX4dCLsZyYx/5Ur07Fq+yuDNOen+5ce6ig=="],

    "@inquirer/rawlist": ["@inquirer/rawlist@4.1.8", "", { "dependencies": { "@inquirer/core": "^10.2.2", "@inquirer/type": "^3.0.8", "yoctocolors-cjs": "^2.1.2" }, "peerDependencies": { "@types/node": ">=18" }, "optionalPeers": ["@types/node"] }, "sha512-CQ2VkIASbgI2PxdzlkeeieLRmniaUU1Aoi5ggEdm6BIyqopE9GuDXdDOj9XiwOqK5qm72oI2i6J+Gnjaa26ejg=="],

    "@inquirer/search": ["@inquirer/search@3.1.3", "", { "dependencies": { "@inquirer/core": "^10.2.2", "@inquirer/figures": "^1.0.13", "@inquirer/type": "^3.0.8", "yoctocolors-cjs": "^2.1.2" }, "peerDependencies": { "@types/node": ">=18" }, "optionalPeers": ["@types/node"] }, "sha512-D5T6ioybJJH0IiSUK/JXcoRrrm8sXwzrVMjibuPs+AgxmogKslaafy1oxFiorNI4s3ElSkeQZbhYQgLqiL8h6Q=="],

    "@inquirer/select": ["@inquirer/select@4.3.4", "", { "dependencies": { "@inquirer/ansi": "^1.0.0", "@inquirer/core": "^10.2.2", "@inquirer/figures": "^1.0.13", "@inquirer/type": "^3.0.8", "yoctocolors-cjs": "^2.1.2" }, "peerDependencies": { "@types/node": ">=18" }, "optionalPeers": ["@types/node"] }, "sha512-Qp20nySRmfbuJBBsgPU7E/cL62Hf250vMZRzYDcBHty2zdD1kKCnoDFWRr0WO2ZzaXp3R7a4esaVGJUx0E6zvA=="],

    "@inquirer/type": ["@inquirer/type@3.0.8", "", { "peerDependencies": { "@types/node": ">=18" }, "optionalPeers": ["@types/node"] }, "sha512-lg9Whz8onIHRthWaN1Q9EGLa/0LFJjyM8mEUbL1eTi6yMGvBf8gvyDLtxSXztQsxMvhxxNpJYrwa1YHdq+w4Jw=="],

    "@types/bun": ["@types/bun@1.2.22", "", { "dependencies": { "bun-types": "1.2.22" } }, "sha512-5A/KrKos2ZcN0c6ljRSOa1fYIyCKhZfIVYeuyb4snnvomnpFqC0tTsEkdqNxbAgExV384OETQ//WAjl3XbYqQA=="],

    "@types/fluent-ffmpeg": ["@types/fluent-ffmpeg@2.1.27", "", { "dependencies": { "@types/node": "*" } }, "sha512-QiDWjihpUhriISNoBi2hJBRUUmoj/BMTYcfz+F+ZM9hHWBYABFAE6hjP/TbCZC0GWwlpa3FzvHH9RzFeRusZ7A=="],

    "@types/node": ["@types/node@24.5.2", "", { "dependencies": { "undici-types": "~7.12.0" } }, "sha512-FYxk1I7wPv3K2XBaoyH2cTnocQEu8AOZ60hPbsyukMPLv5/5qr7V1i8PLHdl6Zf87I+xZXFvPCXYjiTFq+YSDQ=="],

    "@types/react": ["@types/react@19.1.13", "", { "dependencies": { "csstype": "^3.0.2" } }, "sha512-hHkbU/eoO3EG5/MZkuFSKmYqPbSVk5byPFa3e7y/8TybHiLMACgI8seVYlicwk7H5K/rI2px9xrQp/C+AUDTiQ=="],

    "ansi-regex": ["ansi-regex@5.0.1", "", {}, "sha512-quJQXlTSUGL2LH9SUXo8VwsY4soanhgo6LNSm84E1LBcE8s3O0wpdiRzyR9z/ZZJMlMWv37qOOb9pdJlMUEKFQ=="],

    "ansi-styles": ["ansi-styles@4.3.0", "", { "dependencies": { "color-convert": "^2.0.1" } }, "sha512-zbB9rCJAT1rbjiVDb2hqKFHNYLxgtk8NURxZ3IZwD3F6NtxbXZQCnnSi1Lkx+IDohdPlFp222wVALIheZJQSEg=="],

    "async": ["async@0.2.10", "", {}, "sha512-eAkdoKxU6/LkKDBzLpT+t6Ff5EtfSF4wx1WfJiPEEV7WNLnDaRXk0oVysiEPm262roaachGexwUv94WhSgN5TQ=="],

    "bun-types": ["bun-types@1.2.22", "", { "dependencies": { "@types/node": "*" }, "peerDependencies": { "@types/react": "^19" } }, "sha512-hwaAu8tct/Zn6Zft4U9BsZcXkYomzpHJX28ofvx7k0Zz2HNz54n1n+tDgxoWFGB4PcFvJXJQloPhaV2eP3Q6EA=="],

    "chardet": ["chardet@2.1.0", "", {}, "sha512-bNFETTG/pM5ryzQ9Ad0lJOTa6HWD/YsScAR3EnCPZRPlQh77JocYktSHOUHelyhm8IARL+o4c4F1bP5KVOjiRA=="],

    "cli-width": ["cli-width@4.1.0", "", {}, "sha512-ouuZd4/dm2Sw5Gmqy6bGyNNNe1qt9RpmxveLSO7KcgsTnU7RXfsw+/bukWGo1abgBiMAic068rclZsO4IWmmxQ=="],

    "color-convert": ["color-convert@2.0.1", "", { "dependencies": { "color-name": "~1.1.4" } }, "sha512-RRECPsj7iu/xb5oKYcsFHSppFNnsj/52OVTRKb4zP5onXwVF3zVmmToNcOfGC+CRDpfK/U584fMg38ZHCaElKQ=="],

    "color-name": ["color-name@1.1.4", "", {}, "sha512-dOy+3AuW3a2wNbZHIuMZpTcgjGuLU/uBL/ubcZF9OXbDo8ff4O8yVp5Bf0efS8uEoYo5q4Fx7dY9OgQGXgAsQA=="],

    "commander": ["commander@14.0.1", "", {}, "sha512-2JkV3gUZUVrbNA+1sjBOYLsMZ5cEEl8GTFP2a4AVz5hvasAMCQ1D2l2le/cX+pV4N6ZU17zjUahLpIXRrnWL8A=="],

    "csstype": ["csstype@3.1.3", "", {}, "sha512-M1uQkMl8rQK/szD0LNhtqxIPLpimGm8sOBwU7lLnCpSbTyY3yeU1Vc7l4KT5zT4s/yOxHH5O7tIuuLOCnLADRw=="],

    "detect-libc": ["detect-libc@2.1.0", "", {}, "sha512-vEtk+OcP7VBRtQZ1EJ3bdgzSfBjgnEalLTp5zjJrS+2Z1w2KZly4SBdac/WDU3hhsNAZ9E8SC96ME4Ey8MZ7cg=="],

    "emoji-regex": ["emoji-regex@8.0.0", "", {}, "sha512-MSjYzcWNOA0ewAHpz0MxpYFvwg6yjy1NG3xteoqz644VCo/RPgnr1/GGt+ic3iJTzQ8Eu3TdM14SawnVUmGE6A=="],

    "fluent-ffmpeg": ["fluent-ffmpeg@2.1.3", "", { "dependencies": { "async": "^0.2.9", "which": "^1.1.1" } }, "sha512-Be3narBNt2s6bsaqP6Jzq91heDgOEaDCJAXcE3qcma/EJBSy5FB4cvO31XBInuAuKBx8Kptf8dkhjK0IOru39Q=="],

    "iconv-lite": ["iconv-lite@0.7.0", "", { "dependencies": { "safer-buffer": ">= 2.1.2 < 3.0.0" } }, "sha512-cf6L2Ds3h57VVmkZe+Pn+5APsT7FpqJtEhhieDCvrE2MK5Qk9MyffgQyuxQTm6BChfeZNtcOLHp9IcWRVcIcBQ=="],

    "is-fullwidth-code-point": ["is-fullwidth-code-point@3.0.0", "", {}, "sha512-zymm5+u+sCsSWyD9qNaejV3DFvhCKclKdizYaJUuHA83RLjb7nSuGnddCHGv0hk+KY7BMAlsWeK4Ueg6EV6XQg=="],

    "isexe": ["isexe@2.0.0", "", {}, "sha512-RHxMLp9lnKHGHRng9QFhRCMbYAcVpn69smSGcq3f36xjgVVWThj4qqLbTLlq7Ssj8B+fIQ1EuCEGI2lKsyQeIw=="],

    "mute-stream": ["mute-stream@2.0.0", "", {}, "sha512-WWdIxpyjEn+FhQJQQv9aQAYlHoNVdzIzUySNV1gHUPDSdZJ3yZn7pAAbQcV7B56Mvu881q9FZV+0Vx2xC44VWA=="],

    "nanoid": ["nanoid@5.1.6", "", { "bin": { "nanoid": "bin/nanoid.js" } }, "sha512-c7+7RQ+dMB5dPwwCp4ee1/iV/q2P6aK1mTZcfr1BTuVlyW9hJYiMPybJCcnBlQtuSmTIWNeazm/zqNoZSSElBg=="],

    "picocolors": ["picocolors@1.1.1", "", {}, "sha512-xceH2snhtb5M9liqDsmEw56le376mTZkEX/jEb/RxNFyegNul7eNslCXP9FDj/Lcu0X8KEyMceP2ntpaHrDEVA=="],

    "safer-buffer": ["safer-buffer@2.1.2", "", {}, "sha512-YZo3K82SD7Riyi0E1EQPojLz7kpepnSQI9IyPbHHg1XXXevb5dJI7tpyN2ADxGcQbHG7vcyRHk0cbwqcQriUtg=="],

    "semver": ["semver@7.7.2", "", { "bin": { "semver": "bin/semver.js" } }, "sha512-RF0Fw+rO5AMf9MAyaRXI4AV0Ulj5lMHqVxxdSgiVbixSCXoEmmX/jk0CuJw4+3SqroYO9VoUh+HcuJivvtJemA=="],

    "sharp": ["sharp@0.34.4", "", { "dependencies": { "@img/colour": "^1.0.0", "detect-libc": "^2.1.0", "semver": "^7.7.2" }, "optionalDependencies": { "@img/sharp-darwin-arm64": "0.34.4", "@img/sharp-darwin-x64": "0.34.4", "@img/sharp-libvips-darwin-arm64": "1.2.3", "@img/sharp-libvips-darwin-x64": "1.2.3", "@img/sharp-libvips-linux-arm": "1.2.3", "@img/sharp-libvips-linux-arm64": "1.2.3", "@img/sharp-libvips-linux-ppc64": "1.2.3", "@img/sharp-libvips-linux-s390x": "1.2.3", "@img/sharp-libvips-linux-x64": "1.2.3", "@img/sharp-libvips-linuxmusl-arm64": "1.2.3", "@img/sharp-libvips-linuxmusl-x64": "1.2.3", "@img/sharp-linux-arm": "0.34.4", "@img/sharp-linux-arm64": "0.34.4", "@img/sharp-linux-ppc64": "0.34.4", "@img/sharp-linux-s390x": "0.34.4", "@img/sharp-linux-x64": "0.34.4", "@img/sharp-linuxmusl-arm64": "0.34.4", "@img/sharp-linuxmusl-x64": "0.34.4", "@img/sharp-wasm32": "0.34.4", "@img/sharp-win32-arm64": "0.34.4", "@img/sharp-win32-ia32": "0.34.4", "@img/sharp-win32-x64": "0.34.4" } }, "sha512-FUH39xp3SBPnxWvd5iib1X8XY7J0K0X7d93sie9CJg2PO8/7gmg89Nve6OjItK53/MlAushNNxteBYfM6DEuoA=="],

    "signal-exit": ["signal-exit@4.1.0", "", {}, "sha512-bzyZ1e88w9O1iNJbKnOlvYTrWPDl46O1bG0D3XInv+9tkPrxrN8jUUTiFlDkkmKWgn1M6CfIA13SuGqOa9Korw=="],

    "string-width": ["string-width@4.2.3", "", { "dependencies": { "emoji-regex": "^8.0.0", "is-fullwidth-code-point": "^3.0.0", "strip-ansi": "^6.0.1" } }, "sha512-wKyQRQpjJ0sIp62ErSZdGsjMJWsap5oRNihHhu6G7JVO/9jIB6UyevL+tXuOqrng8j/cxKTWyWUwvSTriiZz/g=="],

    "strip-ansi": ["strip-ansi@6.0.1", "", { "dependencies": { "ansi-regex": "^5.0.1" } }, "sha512-Y38VPSHcqkFrCpFnQ9vuSXmquuv5oXOKpGeT6aGrr3o3Gc9AlVa6JBfUSOCnbxGGZF+/0ooI7KrPuUSztUdU5A=="],

    "tslib": ["tslib@2.8.1", "", {}, "sha512-oJFu94HQb+KVduSUQL7wnpmqnfmLsOA/nAh6b6EH0wCEoK0/mPeXU6c3wKDV83MkOuHPRHtSXKKU99IBazS/2w=="],

    "typescript": ["typescript@5.9.2", "", { "bin": { "tsc": "bin/tsc", "tsserver": "bin/tsserver" } }, "sha512-CWBzXQrc/qOkhidw1OzBTQuYRbfyxDXJMVJ1XNwUHGROVmuaeiEm3OslpZ1RV96d7SKKjZKrSJu3+t/xlw3R9A=="],

    "undici-types": ["undici-types@7.12.0", "", {}, "sha512-goOacqME2GYyOZZfb5Lgtu+1IDmAlAEu5xnD3+xTzS10hT0vzpf0SPjkXwAw9Jm+4n/mQGDP3LO8CPbYROeBfQ=="],

    "which": ["which@1.3.1", "", { "dependencies": { "isexe": "^2.0.0" }, "bin": { "which": "./bin/which" } }, "sha512-HxJdYWq1MTIQbJ3nw0cqssHoTNU267KlrDuGZ1WYlxDStUtKUhOaJmh112/TZmHxxUfuJqPXSOm7tDyas0OSIQ=="],

    "wrap-ansi": ["wrap-ansi@6.2.0", "", { "dependencies": { "ansi-styles": "^4.0.0", "string-width": "^4.1.0", "strip-ansi": "^6.0.0" } }, "sha512-r6lPcBGxZXlIcymEu7InxDMhdW0KDxpLgoFLcguasxCaJ/SOIZwINatK9KY/tf+ZrlywOKU0UDj3ATXUBfxJXA=="],

    "yocto-spinner": ["yocto-spinner@1.0.0", "", { "dependencies": { "yoctocolors": "^2.1.1" } }, "sha512-VPX8P/+Z2Fnpx8PC/JELbxp3QRrBxjAekio6yulGtA5gKt9YyRc5ycCb+NHgZCbZ0kx9KxwZp7gC6UlrCcCdSQ=="],

    "yoctocolors": ["yoctocolors@2.1.2", "", {}, "sha512-CzhO+pFNo8ajLM2d2IW/R93ipy99LWjtwblvC1RsoSUMZgyLbYFr221TnSNT7GjGdYui6P459mw9JH/g/zW2ug=="],

    "yoctocolors-cjs": ["yoctocolors-cjs@2.1.3", "", {}, "sha512-U/PBtDf35ff0D8X8D0jfdzHYEPFxAI7jJlxZXwCSez5M3190m+QobIfh+sWDWSHMCWWJN2AWamkegn6vr6YBTw=="],

    "zod": ["zod@4.1.11", "", {}, "sha512-WPsqwxITS2tzx1bzhIKsEs19ABD5vmCVa4xBo2tq/SrV4RNZtfws1EnCWQXM6yh8bD08a1idvkB5MZSBiZsjwg=="],
  }
}
